// !$*UTF8*$!
{
	archiveVersion = 1;
	classes = {
	};
	objectVersion = 56;
	objects = {

/* Begin PBXBuildFile section */
		BFB6CE50293F6FF4000EBDB3 /* CardView.swift in Sources */ = {isa = PBXBuildFile; fileRef = BFB6CE4F293F6FF4000EBDB3 /* CardView.swift */; };
		BFCEC7F1293A0BC2009F005C /* NaturallyNaturalApp.swift in Sources */ = {isa = PBXBuildFile; fileRef = BFCEC7F0293A0BC2009F005C /* NaturallyNaturalApp.swift */; };
		BFCEC7F3293A0BC2009F005C /* ContentView.swift in Sources */ = {isa = PBXBuildFile; fileRef = BFCEC7F2293A0BC2009F005C /* ContentView.swift */; };
		BFCEC7F5293A0BC3009F005C /* Assets.xcassets in Resources */ = {isa = PBXBuildFile; fileRef = BFCEC7F4293A0BC3009F005C /* Assets.xcassets */; };
		BFCEC7F8293A0BC3009F005C /* Preview Assets.xcassets in Resources */ = {isa = PBXBuildFile; fileRef = BFCEC7F7293A0BC3009F005C /* Preview Assets.xcassets */; };
		BFCEC80A293A13FD009F005C /* BaseView.swift in Sources */ = {isa = PBXBuildFile; fileRef = BFCEC809293A13FD009F005C /* BaseView.swift */; };
		BFCEC80C293A143A009F005C /* BaseViewModel.swift in Sources */ = {isa = PBXBuildFile; fileRef = BFCEC80B293A143A009F005C /* BaseViewModel.swift */; };
		BFCEC811293A2383009F005C /* CustomCurveShape.swift in Sources */ = {isa = PBXBuildFile; fileRef = BFCEC810293A2383009F005C /* CustomCurveShape.swift */; };
		BFCEC815293A3393009F005C /* HomeViewModel.swift in Sources */ = {isa = PBXBuildFile; fileRef = BFCEC814293A3393009F005C /* HomeViewModel.swift */; };
		BFCEC817293A33BC009F005C /* HomeView.swift in Sources */ = {isa = PBXBuildFile; fileRef = BFCEC816293A33BC009F005C /* HomeView.swift */; };
		BFCEC824293A3D92009F005C /* RobotoCondensed-Italic.ttf in Resources */ = {isa = PBXBuildFile; fileRef = BFCEC81E293A3D92009F005C /* RobotoCondensed-Italic.ttf */; };
		BFCEC825293A3D92009F005C /* RobotoCondensed-BoldItalic.ttf in Resources */ = {isa = PBXBuildFile; fileRef = BFCEC81F293A3D92009F005C /* RobotoCondensed-BoldItalic.ttf */; };
		BFCEC826293A3D92009F005C /* RobotoCondensed-Bold.ttf in Resources */ = {isa = PBXBuildFile; fileRef = BFCEC820293A3D92009F005C /* RobotoCondensed-Bold.ttf */; };
		BFCEC827293A3D92009F005C /* RobotoCondensed-Light.ttf in Resources */ = {isa = PBXBuildFile; fileRef = BFCEC821293A3D92009F005C /* RobotoCondensed-Light.ttf */; };
		BFCEC828293A3D92009F005C /* RobotoCondensed-Regular.ttf in Resources */ = {isa = PBXBuildFile; fileRef = BFCEC822293A3D92009F005C /* RobotoCondensed-Regular.ttf */; };
		BFCEC829293A3D92009F005C /* RobotoCondensed-LightItalic.ttf in Resources */ = {isa = PBXBuildFile; fileRef = BFCEC823293A3D92009F005C /* RobotoCondensed-LightItalic.ttf */; };
		BFCEC82D293A561A009F005C /* Plant.swift in Sources */ = {isa = PBXBuildFile; fileRef = BFCEC82C293A561A009F005C /* Plant.swift */; };
		BFCEC833293A5917009F005C /* CustomCarousel.swift in Sources */ = {isa = PBXBuildFile; fileRef = BFCEC832293A5917009F005C /* CustomCarousel.swift */; };
/* End PBXBuildFile section */

/* Begin PBXFileReference section */
		BFB6CE4F293F6FF4000EBDB3 /* CardView.swift */ = {isa = PBXFileReference; lastKnownFileType = sourcecode.swift; path = CardView.swift; sourceTree = "<group>"; };
		BFCEC7ED293A0BC2009F005C /* NaturallyNatural.app */ = {isa = PBXFileReference; explicitFileType = wrapper.application; includeInIndex = 0; path = NaturallyNatural.app; sourceTree = BUILT_PRODUCTS_DIR; };
		BFCEC7F0293A0BC2009F005C /* NaturallyNaturalApp.swift */ = {isa = PBXFileReference; lastKnownFileType = sourcecode.swift; path = NaturallyNaturalApp.swift; sourceTree = "<group>"; };
		BFCEC7F2293A0BC2009F005C /* ContentView.swift */ = {isa = PBXFileReference; lastKnownFileType = sourcecode.swift; path = ContentView.swift; sourceTree = "<group>"; };
		BFCEC7F4293A0BC3009F005C /* Assets.xcassets */ = {isa = PBXFileReference; lastKnownFileType = folder.assetcatalog; path = Assets.xcassets; sourceTree = "<group>"; };
		BFCEC7F7293A0BC3009F005C /* Preview Assets.xcassets */ = {isa = PBXFileReference; lastKnownFileType = folder.assetcatalog; path = "Preview Assets.xcassets"; sourceTree = "<group>"; };
		BFCEC805293A0C36009F005C /* Info.plist */ = {isa = PBXFileReference; lastKnownFileType = text.plist; path = Info.plist; sourceTree = "<group>"; };
		BFCEC809293A13FD009F005C /* BaseView.swift */ = {isa = PBXFileReference; lastKnownFileType = sourcecode.swift; path = BaseView.swift; sourceTree = "<group>"; };
		BFCEC80B293A143A009F005C /* BaseViewModel.swift */ = {isa = PBXFileReference; lastKnownFileType = sourcecode.swift; path = BaseViewModel.swift; sourceTree = "<group>"; };
		BFCEC810293A2383009F005C /* CustomCurveShape.swift */ = {isa = PBXFileReference; lastKnownFileType = sourcecode.swift; path = CustomCurveShape.swift; sourceTree = "<group>"; };
		BFCEC814293A3393009F005C /* HomeViewModel.swift */ = {isa = PBXFileReference; lastKnownFileType = sourcecode.swift; path = HomeViewModel.swift; sourceTree = "<group>"; };
		BFCEC816293A33BC009F005C /* HomeView.swift */ = {isa = PBXFileReference; lastKnownFileType = sourcecode.swift; path = HomeView.swift; sourceTree = "<group>"; };
		BFCEC81E293A3D92009F005C /* RobotoCondensed-Italic.ttf */ = {isa = PBXFileReference; lastKnownFileType = file; path = "RobotoCondensed-Italic.ttf"; sourceTree = "<group>"; };
		BFCEC81F293A3D92009F005C /* RobotoCondensed-BoldItalic.ttf */ = {isa = PBXFileReference; lastKnownFileType = file; path = "RobotoCondensed-BoldItalic.ttf"; sourceTree = "<group>"; };
		BFCEC820293A3D92009F005C /* RobotoCondensed-Bold.ttf */ = {isa = PBXFileReference; lastKnownFileType = file; path = "RobotoCondensed-Bold.ttf"; sourceTree = "<group>"; };
		BFCEC821293A3D92009F005C /* RobotoCondensed-Light.ttf */ = {isa = PBXFileReference; lastKnownFileType = file; path = "RobotoCondensed-Light.ttf"; sourceTree = "<group>"; };
		BFCEC822293A3D92009F005C /* RobotoCondensed-Regular.ttf */ = {isa = PBXFileReference; lastKnownFileType = file; path = "RobotoCondensed-Regular.ttf"; sourceTree = "<group>"; };
		BFCEC823293A3D92009F005C /* RobotoCondensed-LightItalic.ttf */ = {isa = PBXFileReference; lastKnownFileType = file; path = "RobotoCondensed-LightItalic.ttf"; sourceTree = "<group>"; };
		BFCEC82C293A561A009F005C /* Plant.swift */ = {isa = PBXFileReference; lastKnownFileType = sourcecode.swift; path = Plant.swift; sourceTree = "<group>"; };
		BFCEC832293A5917009F005C /* CustomCarousel.swift */ = {isa = PBXFileReference; lastKnownFileType = sourcecode.swift; path = CustomCarousel.swift; sourceTree = "<group>"; };
/* End PBXFileReference section */

/* Begin PBXFrameworksBuildPhase section */
		BFCEC7EA293A0BC2009F005C /* Frameworks */ = {
			isa = PBXFrameworksBuildPhase;
			buildActionMask = 2147483647;
			files = (
			);
			runOnlyForDeploymentPostprocessing = 0;
		};
/* End PBXFrameworksBuildPhase section */

/* Begin PBXGroup section */
		BFCEC7E4293A0BC2009F005C = {
			isa = PBXGroup;
			children = (
				BFCEC7EF293A0BC2009F005C /* NaturallyNatural */,
				BFCEC7EE293A0BC2009F005C /* Products */,
			);
			sourceTree = "<group>";
		};
		BFCEC7EE293A0BC2009F005C /* Products */ = {
			isa = PBXGroup;
			children = (
				BFCEC7ED293A0BC2009F005C /* NaturallyNatural.app */,
			);
			name = Products;
			sourceTree = "<group>";
		};
		BFCEC7EF293A0BC2009F005C /* NaturallyNatural */ = {
			isa = PBXGroup;
			children = (
				BFCEC808293A13EE009F005C /* ViewModel */,
				BFCEC807293A13E5009F005C /* Model */,
				BFCEC806293A13DD009F005C /* View */,
				BFCEC805293A0C36009F005C /* Info.plist */,
				BFCEC80F293A2374009F005C /* Extension */,
				BFCEC7FE293A0BE9009F005C /* Font */,
				BFCEC7F0293A0BC2009F005C /* NaturallyNaturalApp.swift */,
				BFCEC7F2293A0BC2009F005C /* ContentView.swift */,
				BFCEC7F4293A0BC3009F005C /* Assets.xcassets */,
				BFCEC7F6293A0BC3009F005C /* Preview Content */,
			);
			path = NaturallyNatural;
			sourceTree = "<group>";
		};
		BFCEC7F6293A0BC3009F005C /* Preview Content */ = {
			isa = PBXGroup;
			children = (
				BFCEC7F7293A0BC3009F005C /* Preview Assets.xcassets */,
			);
			path = "Preview Content";
			sourceTree = "<group>";
		};
		BFCEC7FE293A0BE9009F005C /* Font */ = {
			isa = PBXGroup;
			children = (
				BFCEC820293A3D92009F005C /* RobotoCondensed-Bold.ttf */,
				BFCEC81F293A3D92009F005C /* RobotoCondensed-BoldItalic.ttf */,
				BFCEC81E293A3D92009F005C /* RobotoCondensed-Italic.ttf */,
				BFCEC821293A3D92009F005C /* RobotoCondensed-Light.ttf */,
				BFCEC823293A3D92009F005C /* RobotoCondensed-LightItalic.ttf */,
				BFCEC822293A3D92009F005C /* RobotoCondensed-Regular.ttf */,
			);
			path = Font;
			sourceTree = "<group>";
		};
		BFCEC806293A13DD009F005C /* View */ = {
			isa = PBXGroup;
			children = (
				BFCEC809293A13FD009F005C /* BaseView.swift */,
				BFCEC816293A33BC009F005C /* HomeView.swift */,
				BFB6CE4F293F6FF4000EBDB3 /* CardView.swift */,
			);
			path = View;
			sourceTree = "<group>";
		};
		BFCEC807293A13E5009F005C /* Model */ = {
			isa = PBXGroup;
			children = (
				BFCEC82C293A561A009F005C /* Plant.swift */,
			);
			path = Model;
			sourceTree = "<group>";
		};
		BFCEC808293A13EE009F005C /* ViewModel */ = {
			isa = PBXGroup;
			children = (
				BFCEC80B293A143A009F005C /* BaseViewModel.swift */,
				BFCEC814293A3393009F005C /* HomeViewModel.swift */,
			);
			path = ViewModel;
			sourceTree = "<group>";
		};
		BFCEC80F293A2374009F005C /* Extension */ = {
			isa = PBXGroup;
			children = (
				BFCEC810293A2383009F005C /* CustomCurveShape.swift */,
				BFCEC832293A5917009F005C /* CustomCarousel.swift */,
			);
			path = Extension;
			sourceTree = "<group>";
		};
/* End PBXGroup section */

/* Begin PBXNativeTarget section */
		BFCEC7EC293A0BC2009F005C /* NaturallyNatural */ = {
			isa = PBXNativeTarget;
			buildConfigurationList = BFCEC7FB293A0BC3009F005C /* Build configuration list for PBXNativeTarget "NaturallyNatural" */;
			buildPhases = (
				BFCEC7E9293A0BC2009F005C /* Sources */,
				BFCEC7EA293A0BC2009F005C /* Frameworks */,
				BFCEC7EB293A0BC2009F005C /* Resources */,
			);
			buildRules = (
			);
			dependencies = (
			);
			name = NaturallyNatural;
			productName = NaturallyNatural;
			productReference = BFCEC7ED293A0BC2009F005C /* NaturallyNatural.app */;
			productType = "com.apple.product-type.application";
		};
/* End PBXNativeTarget section */

/* Begin PBXProject section */
		BFCEC7E5293A0BC2009F005C /* Project object */ = {
			isa = PBXProject;
			attributes = {
				BuildIndependentTargetsInParallel = 1;
				LastSwiftUpdateCheck = 1410;
				LastUpgradeCheck = 1410;
				TargetAttributes = {
					BFCEC7EC293A0BC2009F005C = {
						CreatedOnToolsVersion = 14.1;
					};
				};
			};
			buildConfigurationList = BFCEC7E8293A0BC2009F005C /* Build configuration list for PBXProject "NaturallyNatural" */;
			compatibilityVersion = "Xcode 14.0";
			developmentRegion = en;
			hasScannedForEncodings = 0;
			knownRegions = (
				en,
				Base,
			);
			mainGroup = BFCEC7E4293A0BC2009F005C;
			productRefGroup = BFCEC7EE293A0BC2009F005C /* Products */;
			projectDirPath = "";
			projectRoot = "";
			targets = (
				BFCEC7EC293A0BC2009F005C /* NaturallyNatural */,
			);
		};
/* End PBXProject section */

/* Begin PBXResourcesBuildPhase section */
		BFCEC7EB293A0BC2009F005C /* Resources */ = {
			isa = PBXResourcesBuildPhase;
			buildActionMask = 2147483647;
			files = (
				BFCEC7F8293A0BC3009F005C /* Preview Assets.xcassets in Resources */,
				BFCEC826293A3D92009F005C /* RobotoCondensed-Bold.ttf in Resources */,
				BFCEC828293A3D92009F005C /* RobotoCondensed-Regular.ttf in Resources */,
				BFCEC7F5293A0BC3009F005C /* Assets.xcassets in Resources */,
				BFCEC825293A3D92009F005C /* RobotoCondensed-BoldItalic.ttf in Resources */,
				BFCEC827293A3D92009F005C /* RobotoCondensed-Light.ttf in Resources */,
				BFCEC829293A3D92009F005C /* RobotoCondensed-LightItalic.ttf in Resources */,
				BFCEC824293A3D92009F005C /* RobotoCondensed-Italic.ttf in Resources */,
			);
			runOnlyForDeploymentPostprocessing = 0;
		};
/* End PBXResourcesBuildPhase section */

/* Begin PBXSourcesBuildPhase section */
		BFCEC7E9293A0BC2009F005C /* Sources */ = {
			isa = PBXSourcesBuildPhase;
			buildActionMask = 2147483647;
			files = (
				BFCEC80A293A13FD009F005C /* BaseView.swift in Sources */,
				BFCEC82D293A561A009F005C /* Plant.swift in Sources */,
				BFCEC817293A33BC009F005C /* HomeView.swift in Sources */,
				BFCEC815293A3393009F005C /* HomeViewModel.swift in Sources */,
				BFB6CE50293F6FF4000EBDB3 /* CardView.swift in Sources */,
				BFCEC80C293A143A009F005C /* BaseViewModel.swift in Sources */,
				BFCEC833293A5917009F005C /* CustomCarousel.swift in Sources */,
				BFCEC811293A2383009F005C /* CustomCurveShape.swift in Sources */,
				BFCEC7F3293A0BC2009F005C /* ContentView.swift in Sources */,
				BFCEC7F1293A0BC2009F005C /* NaturallyNaturalApp.swift in Sources */,
			);
			runOnlyForDeploymentPostprocessing = 0;
		};
/* End PBXSourcesBuildPhase section */

/* Begin XCBuildConfiguration section */
		BFCEC7F9293A0BC3009F005C /* Debug */ = {
			isa = XCBuildConfiguration;
			buildSettings = {
				ALWAYS_SEARCH_USER_PATHS = NO;
				CLANG_ANALYZER_NONNULL = YES;
				CLANG_ANALYZER_NUMBER_OBJECT_CONVERSION = YES_AGGRESSIVE;
				CLANG_CXX_LANGUAGE_STANDARD = "gnu++20";
				CLANG_ENABLE_MODULES = YES;
				CLANG_ENABLE_OBJC_ARC = YES;
				CLANG_ENABLE_OBJC_WEAK = YES;
				CLANG_WARN_BLOCK_CAPTURE_AUTORELEASING = YES;
				CLANG_WARN_BOOL_CONVERSION = YES;
				CLANG_WARN_COMMA = YES;
				CLANG_WARN_CONSTANT_CONVERSION = YES;
				CLANG_WARN_DEPRECATED_OBJC_IMPLEMENTATIONS = YES;
				CLANG_WARN_DIRECT_OBJC_ISA_USAGE = YES_ERROR;
				CLANG_WARN_DOCUMENTATION_COMMENTS = YES;
				CLANG_WARN_EMPTY_BODY = YES;
				CLANG_WARN_ENUM_CONVERSION = YES;
				CLANG_WARN_INFINITE_RECURSION = YES;
				CLANG_WARN_INT_CONVERSION = YES;
				CLANG_WARN_NON_LITERAL_NULL_CONVERSION = YES;
				CLANG_WARN_OBJC_IMPLICIT_RETAIN_SELF = YES;
				CLANG_WARN_OBJC_LITERAL_CONVERSION = YES;
				CLANG_WARN_OBJC_ROOT_CLASS = YES_ERROR;
				CLANG_WARN_QUOTED_INCLUDE_IN_FRAMEWORK_HEADER = YES;
				CLANG_WARN_RANGE_LOOP_ANALYSIS = YES;
				CLANG_WARN_STRICT_PROTOTYPES = YES;
				CLANG_WARN_SUSPICIOUS_MOVE = YES;
				CLANG_WARN_UNGUARDED_AVAILABILITY = YES_AGGRESSIVE;
				CLANG_WARN_UNREACHABLE_CODE = YES;
				CLANG_WARN__DUPLICATE_METHOD_MATCH = YES;
				COPY_PHASE_STRIP = NO;
				DEBUG_INFORMATION_FORMAT = dwarf;
				ENABLE_STRICT_OBJC_MSGSEND = YES;
				ENABLE_TESTABILITY = YES;
				GCC_C_LANGUAGE_STANDARD = gnu11;
				GCC_DYNAMIC_NO_PIC = NO;
				GCC_NO_COMMON_BLOCKS = YES;
				GCC_OPTIMIZATION_LEVEL = 0;
				GCC_PREPROCESSOR_DEFINITIONS = (
					"DEBUG=1",
					"$(inherited)",
				);
				GCC_WARN_64_TO_32_BIT_CONVERSION = YES;
				GCC_WARN_ABOUT_RETURN_TYPE = YES_ERROR;
				GCC_WARN_UNDECLARED_SELECTOR = YES;
				GCC_WARN_UNINITIALIZED_AUTOS = YES_AGGRESSIVE;
				GCC_WARN_UNUSED_FUNCTION = YES;
				GCC_WARN_UNUSED_VARIABLE = YES;
				IPHONEOS_DEPLOYMENT_TARGET = 16.1;
				MTL_ENABLE_DEBUG_INFO = INCLUDE_SOURCE;
				MTL_FAST_MATH = YES;
				ONLY_ACTIVE_ARCH = YES;
				SDKROOT = iphoneos;
				SWIFT_ACTIVE_COMPILATION_CONDITIONS = DEBUG;
				SWIFT_OPTIMIZATION_LEVEL = "-Onone";
			};
			name = Debug;
		};
		BFCEC7FA293A0BC3009F005C /* Release */ = {
			isa = XCBuildConfiguration;
			buildSettings = {
				ALWAYS_SEARCH_USER_PATHS = NO;
				CLANG_ANALYZER_NONNULL = YES;
				CLANG_ANALYZER_NUMBER_OBJECT_CONVERSION = YES_AGGRESSIVE;
				CLANG_CXX_LANGUAGE_STANDARD = "gnu++20";
				CLANG_ENABLE_MODULES = YES;
				CLANG_ENABLE_OBJC_ARC = YES;
				CLANG_ENABLE_OBJC_WEAK = YES;
				CLANG_WARN_BLOCK_CAPTURE_AUTORELEASING = YES;
				CLANG_WARN_BOOL_CONVERSION = YES;
				CLANG_WARN_COMMA = YES;
				CLANG_WARN_CONSTANT_CONVERSION = YES;
				CLANG_WARN_DEPRECATED_OBJC_IMPLEMENTATIONS = YES;
				CLANG_WARN_DIRECT_OBJC_ISA_USAGE = YES_ERROR;
				CLANG_WARN_DOCUMENTATION_COMMENTS = YES;
				CLANG_WARN_EMPTY_BODY = YES;
				CLANG_WARN_ENUM_CONVERSION = YES;
				CLANG_WARN_INFINITE_RECURSION = YES;
				CLANG_WARN_INT_CONVERSION = YES;
				CLANG_WARN_NON_LITERAL_NULL_CONVERSION = YES;
				CLANG_WARN_OBJC_IMPLICIT_RETAIN_SELF = YES;
				CLANG_WARN_OBJC_LITERAL_CONVERSION = YES;
				CLANG_WARN_OBJC_ROOT_CLASS = YES_ERROR;
				CLANG_WARN_QUOTED_INCLUDE_IN_FRAMEWORK_HEADER = YES;
				CLANG_WARN_RANGE_LOOP_ANALYSIS = YES;
				CLANG_WARN_STRICT_PROTOTYPES = YES;
				CLANG_WARN_SUSPICIOUS_MOVE = YES;
				CLANG_WARN_UNGUARDED_AVAILABILITY = YES_AGGRESSIVE;
				CLANG_WARN_UNREACHABLE_CODE = YES;
				CLANG_WARN__DUPLICATE_METHOD_MATCH = YES;
				COPY_PHASE_STRIP = NO;
				DEBUG_INFORMATION_FORMAT = "dwarf-with-dsym";
				ENABLE_NS_ASSERTIONS = NO;
				ENABLE_STRICT_OBJC_MSGSEND = YES;
				GCC_C_LANGUAGE_STANDARD = gnu11;
				GCC_NO_COMMON_BLOCKS = YES;
				GCC_WARN_64_TO_32_BIT_CONVERSION = YES;
				GCC_WARN_ABOUT_RETURN_TYPE = YES_ERROR;
				GCC_WARN_UNDECLARED_SELECTOR = YES;
				GCC_WARN_UNINITIALIZED_AUTOS = YES_AGGRESSIVE;
				GCC_WARN_UNUSED_FUNCTION = YES;
				GCC_WARN_UNUSED_VARIABLE = YES;
				IPHONEOS_DEPLOYMENT_TARGET = 16.1;
				MTL_ENABLE_DEBUG_INFO = NO;
				MTL_FAST_MATH = YES;
				SDKROOT = iphoneos;
				SWIFT_COMPILATION_MODE = wholemodule;
				SWIFT_OPTIMIZATION_LEVEL = "-O";
				VALIDATE_PRODUCT = YES;
			};
			name = Release;
		};
		BFCEC7FC293A0BC3009F005C /* Debug */ = {
			isa = XCBuildConfiguration;
			buildSettings = {
				ASSETCATALOG_COMPILER_APPICON_NAME = AppIcon;
				ASSETCATALOG_COMPILER_GLOBAL_ACCENT_COLOR_NAME = AccentColor;
				CODE_SIGN_STYLE = Automatic;
				CURRENT_PROJECT_VERSION = 1;
				DEVELOPMENT_ASSET_PATHS = "\"NaturallyNatural/Preview Content\"";
				DEVELOPMENT_TEAM = L8QX5LU28U;
				ENABLE_PREVIEWS = YES;
				GENERATE_INFOPLIST_FILE = YES;
				INFOPLIST_FILE = NaturallyNatural/Info.plist;
				INFOPLIST_KEY_UIApplicationSceneManifest_Generation = YES;
				INFOPLIST_KEY_UIApplicationSupportsIndirectInputEvents = YES;
				INFOPLIST_KEY_UILaunchScreen_Generation = YES;
				INFOPLIST_KEY_UISupportedInterfaceOrientations_iPad = "UIInterfaceOrientationPortrait UIInterfaceOrientationPortraitUpsideDown UIInterfaceOrientationLandscapeLeft UIInterfaceOrientationLandscapeRight";
				INFOPLIST_KEY_UISupportedInterfaceOrientations_iPhone = "UIInterfaceOrientationPortrait UIInterfaceOrientationLandscapeLeft UIInterfaceOrientationLandscapeRight";
				LD_RUNPATH_SEARCH_PATHS = (
					"$(inherited)",
					"@executable_path/Frameworks",
				);
				MARKETING_VERSION = 1.0;
				PRODUCT_BUNDLE_IDENTIFIER = au.edu.uts.student.NaturallyNatural;
				PRODUCT_NAME = "$(TARGET_NAME)";
				SWIFT_EMIT_LOC_STRINGS = YES;
				SWIFT_VERSION = 5.0;
				TARGETED_DEVICE_FAMILY = "1,2";
			};
			name = Debug;
		};
		BFCEC7FD293A0BC3009F005C /* Release */ = {
			isa = XCBuildConfiguration;
			buildSettings = {
				ASSETCATALOG_COMPILER_APPICON_NAME = AppIcon;
				ASSETCATALOG_COMPILER_GLOBAL_ACCENT_COLOR_NAME = AccentColor;
				CODE_SIGN_STYLE = Automatic;
				CURRENT_PROJECT_VERSION = 1;
				DEVELOPMENT_ASSET_PATHS = "\"NaturallyNatural/Preview Content\"";
				DEVELOPMENT_TEAM = L8QX5LU28U;
				ENABLE_PREVIEWS = YES;
				GENERATE_INFOPLIST_FILE = YES;
				INFOPLIST_FILE = NaturallyNatural/Info.plist;
				INFOPLIST_KEY_UIApplicationSceneManifest_Generation = YES;
				INFOPLIST_KEY_UIApplicationSupportsIndirectInputEvents = YES;
				INFOPLIST_KEY_UILaunchScreen_Generation = YES;
				INFOPLIST_KEY_UISupportedInterfaceOrientations_iPad = "UIInterfaceOrientationPortrait UIInterfaceOrientationPortraitUpsideDown UIInterfaceOrientationLandscapeLeft UIInterfaceOrientationLandscapeRight";
				INFOPLIST_KEY_UISupportedInterfaceOrientations_iPhone = "UIInterfaceOrientationPortrait UIInterfaceOrientationLandscapeLeft UIInterfaceOrientationLandscapeRight";
				LD_RUNPATH_SEARCH_PATHS = (
					"$(inherited)",
					"@executable_path/Frameworks",
				);
				MARKETING_VERSION = 1.0;
				PRODUCT_BUNDLE_IDENTIFIER = au.edu.uts.student.NaturallyNatural;
				PRODUCT_NAME = "$(TARGET_NAME)";
				SWIFT_EMIT_LOC_STRINGS = YES;
				SWIFT_VERSION = 5.0;
				TARGETED_DEVICE_FAMILY = "1,2";
			};
			name = Release;
		};
/* End XCBuildConfiguration section */

/* Begin XCConfigurationList section */
		BFCEC7E8293A0BC2009F005C /* Build configuration list for PBXProject "NaturallyNatural" */ = {
			isa = XCConfigurationList;
			buildConfigurations = (
				BFCEC7F9293A0BC3009F005C /* Debug */,
				BFCEC7FA293A0BC3009F005C /* Release */,
			);
			defaultConfigurationIsVisible = 0;
			defaultConfigurationName = Release;
		};
		BFCEC7FB293A0BC3009F005C /* Build configuration list for PBXNativeTarget "NaturallyNatural" */ = {
			isa = XCConfigurationList;
			buildConfigurations = (
				BFCEC7FC293A0BC3009F005C /* Debug */,
				BFCEC7FD293A0BC3009F005C /* Release */,
			);
			defaultConfigurationIsVisible = 0;
			defaultConfigurationName = Release;
		};
/* End XCConfigurationList section */
	};
	rootObject = BFCEC7E5293A0BC2009F005C /* Project object */;
}
